
Microsoft Visual Studio Solution File, Format Version 12.00
# Visual Studio Version 16
VisualStudioVersion = 16.0.31702.278
MinimumVisualStudioVersion = 10.0.40219.1
Project("{2150E333-8FDC-42A3-9474-1A3956D46DE8}") = "RadioButtonApp", "RadioButtonApp", "{C4A48552-3EFD-4ADF-B040-44E348693B66}"
EndProject
Project("{FAE04EC0-301F-11D3-BF4B-00C04F79EFBC}") = "RadioButtonApp", "RadioButtonApp\RadioButtonApp.csproj", "{E9C86BC6-21DB-4414-A6EA-3B747977006B}"
EndProject
Project("{2150E333-8FDC-42A3-9474-1A3956D46DE8}") = "CheckedListBoxApp", "CheckedListBoxApp", "{E5124C90-9E9E-4926-A13C-A8B28F56F0A8}"
EndProject
Project("{FAE04EC0-301F-11D3-BF4B-00C04F79EFBC}") = "İs Basvuru Formu (CheckedListBox)", "İs Basvuru Formu (CheckedListBox)\İs Basvuru Formu (CheckedListBox).csproj", "{79FFEAC2-7DE3-4FC5-92D1-60FA77735848}"
EndProject
Project("{2150E333-8FDC-42A3-9474-1A3956D46DE8}") = "Console Apps", "Console Apps", "{29BDAE5E-E249-43C7-8DCB-0DA4DA8C223A}"
EndProject
Project("{FAE04EC0-301F-11D3-BF4B-00C04F79EFBC}") = "ConsoleApp1", "ConsoleApp1\ConsoleApp1.csproj", "{ED984D0A-1416-4EAA-9D17-6E8649403C19}"
EndProject
Project("{FAE04EC0-301F-11D3-BF4B-00C04F79EFBC}") = "Vucut Kitle Indeksi", "Vucut Kitle Indeksi\Vucut Kitle Indeksi.csproj", "{DC2360E6-5F6D-49D4-BA35-A09A504A9E61}"
EndProject
Global
	GlobalSection(SolutionConfigurationPlatforms) = preSolution
		Debug|Any CPU = Debug|Any CPU
		Release|Any CPU = Release|Any CPU
	EndGlobalSection
	GlobalSection(ProjectConfigurationPlatforms) = postSolution
		{E9C86BC6-21DB-4414-A6EA-3B747977006B}.Debug|Any CPU.ActiveCfg = Debug|Any CPU
		{E9C86BC6-21DB-4414-A6EA-3B747977006B}.Debug|Any CPU.Build.0 = Debug|Any CPU
		{E9C86BC6-21DB-4414-A6EA-3B747977006B}.Release|Any CPU.ActiveCfg = Release|Any CPU
		{E9C86BC6-21DB-4414-A6EA-3B747977006B}.Release|Any CPU.Build.0 = Release|Any CPU
		{79FFEAC2-7DE3-4FC5-92D1-60FA77735848}.Debug|Any CPU.ActiveCfg = Debug|Any CPU
		{79FFEAC2-7DE3-4FC5-92D1-60FA77735848}.Debug|Any CPU.Build.0 = Debug|Any CPU
		{79FFEAC2-7DE3-4FC5-92D1-60FA77735848}.Release|Any CPU.ActiveCfg = Release|Any CPU
		{79FFEAC2-7DE3-4FC5-92D1-60FA77735848}.Release|Any CPU.Build.0 = Release|Any CPU
		{ED984D0A-1416-4EAA-9D17-6E8649403C19}.Debug|Any CPU.ActiveCfg = Debug|Any CPU
		{ED984D0A-1416-4EAA-9D17-6E8649403C19}.Debug|Any CPU.Build.0 = Debug|Any CPU
		{ED984D0A-1416-4EAA-9D17-6E8649403C19}.Release|Any CPU.ActiveCfg = Release|Any CPU
		{ED984D0A-1416-4EAA-9D17-6E8649403C19}.Release|Any CPU.Build.0 = Release|Any CPU
		{DC2360E6-5F6D-49D4-BA35-A09A504A9E61}.Debug|Any CPU.ActiveCfg = Debug|Any CPU
		{DC2360E6-5F6D-49D4-BA35-A09A504A9E61}.Debug|Any CPU.Build.0 = Debug|Any CPU
		{DC2360E6-5F6D-49D4-BA35-A09A504A9E61}.Release|Any CPU.ActiveCfg = Release|Any CPU
		{DC2360E6-5F6D-49D4-BA35-A09A504A9E61}.Release|Any CPU.Build.0 = Release|Any CPU
	EndGlobalSection
	GlobalSection(SolutionProperties) = preSolution
		HideSolutionNode = FALSE
	EndGlobalSection
	GlobalSection(NestedProjects) = preSolution
		{E9C86BC6-21DB-4414-A6EA-3B747977006B} = {C4A48552-3EFD-4ADF-B040-44E348693B66}
		{79FFEAC2-7DE3-4FC5-92D1-60FA77735848} = {E5124C90-9E9E-4926-A13C-A8B28F56F0A8}
		{ED984D0A-1416-4EAA-9D17-6E8649403C19} = {29BDAE5E-E249-43C7-8DCB-0DA4DA8C223A}
		{DC2360E6-5F6D-49D4-BA35-A09A504A9E61} = {29BDAE5E-E249-43C7-8DCB-0DA4DA8C223A}
	EndGlobalSection
	GlobalSection(ExtensibilityGlobals) = postSolution
		SolutionGuid = {EBC8C117-ADF6-4023-8B41-EFC5911D39E9}
	EndGlobalSection
EndGlobal
