
Microsoft Visual Studio Solution File, Format Version 12.00
# Visual Studio Version 16
VisualStudioVersion = 16.0.31702.278
MinimumVisualStudioVersion = 10.0.40219.1
Project("{2150E333-8FDC-42A3-9474-1A3956D46DE8}") = "RadioButtonApp", "RadioButtonApp", "{C4A48552-3EFD-4ADF-B040-44E348693B66}"
EndProject
Project("{FAE04EC0-301F-11D3-BF4B-00C04F79EFBC}") = "RadioButtonApp", "RadioButtonApp\RadioButtonApp.csproj", "{E9C86BC6-21DB-4414-A6EA-3B747977006B}"
EndProject
Project("{2150E333-8FDC-42A3-9474-1A3956D46DE8}") = "CheckedListBoxApp", "CheckedListBoxApp", "{E5124C90-9E9E-4926-A13C-A8B28F56F0A8}"
EndProject
Project("{FAE04EC0-301F-11D3-BF4B-00C04F79EFBC}") = "İs Basvuru Formu (CheckedListBox)", "İs Basvuru Formu (CheckedListBox)\İs Basvuru Formu (CheckedListBox).csproj", "{79FFEAC2-7DE3-4FC5-92D1-60FA77735848}"
EndProject
Project("{2150E333-8FDC-42A3-9474-1A3956D46DE8}") = "Console Apps", "Console Apps", "{29BDAE5E-E249-43C7-8DCB-0DA4DA8C223A}"
EndProject
Project("{FAE04EC0-301F-11D3-BF4B-00C04F79EFBC}") = "ConsoleApp1", "ConsoleApp1\ConsoleApp1.csproj", "{ED984D0A-1416-4EAA-9D17-6E8649403C19}"
EndProject
Project("{FAE04EC0-301F-11D3-BF4B-00C04F79EFBC}") = "Vucut Kitle Indeksi", "Vucut Kitle Indeksi\Vucut Kitle Indeksi.csproj", "{DC2360E6-5F6D-49D4-BA35-A09A504A9E61}"
EndProject
Project("{2150E333-8FDC-42A3-9474-1A3956D46DE8}") = "Genel Tekrar", "Genel Tekrar", "{19996E36-2028-4B92-BA90-1903479D4F9C}"
EndProject
Project("{9A19103F-16F7-4668-BE54-9A1E7A4F7556}") = "GenelTekrar", "GenelTekrar\GenelTekrar.csproj", "{788133EB-5C08-4125-A8AE-F5BD2B64B24B}"
EndProject
Project("{9A19103F-16F7-4668-BE54-9A1E7A4F7556}") = "KapsamliHesapMakinesi", "KapsamliHesapMakinesi\KapsamliHesapMakinesi.csproj", "{0BB3E2E7-4E5E-4626-9EF8-EFCCC29486D5}"
EndProject
Project("{2150E333-8FDC-42A3-9474-1A3956D46DE8}") = "ListBox", "ListBox", "{7536AE74-A2C9-47C1-9278-4C11B8E7479A}"
EndProject
Project("{FAE04EC0-301F-11D3-BF4B-00C04F79EFBC}") = "KisiTanimaListBox", "KisiTanimaListBox\KisiTanimaListBox.csproj", "{5D350184-150B-442E-B57E-304A85C0EA45}"
EndProject
Project("{2150E333-8FDC-42A3-9474-1A3956D46DE8}") = "ComboBox", "ComboBox", "{9CB70847-A2A4-41EA-AE5D-B65EBE05C987}"
EndProject
Project("{FAE04EC0-301F-11D3-BF4B-00C04F79EFBC}") = "ComboBoxOrnek", "ComboBoxOrnek\ComboBoxOrnek.csproj", "{FE8CDA33-680D-457B-81FB-8ADD84E9C89C}"
EndProject
Project("{2150E333-8FDC-42A3-9474-1A3956D46DE8}") = "WissenTekrar", "WissenTekrar", "{4D881985-072E-42E2-B3C1-4B7AAE408AC1}"
EndProject
Project("{2150E333-8FDC-42A3-9474-1A3956D46DE8}") = "AdresDefteri", "AdresDefteri", "{ABAA3058-5EB4-4152-B89E-C2F56951CD70}"
EndProject
Project("{FAE04EC0-301F-11D3-BF4B-00C04F79EFBC}") = "AdresDefteri", "AdresDefteri\AdresDefteri.csproj", "{AB39A58A-0D66-420A-BAA0-DBD105595362}"
EndProject
Project("{FAE04EC0-301F-11D3-BF4B-00C04F79EFBC}") = "AdresDefteri.Models", "AdresDefteri.Models\AdresDefteri.Models.csproj", "{DFDBE979-9457-4A11-BCCA-E125B77C901A}"
EndProject
Global
	GlobalSection(SolutionConfigurationPlatforms) = preSolution
		Debug|Any CPU = Debug|Any CPU
		Release|Any CPU = Release|Any CPU
	EndGlobalSection
	GlobalSection(ProjectConfigurationPlatforms) = postSolution
		{E9C86BC6-21DB-4414-A6EA-3B747977006B}.Debug|Any CPU.ActiveCfg = Debug|Any CPU
		{E9C86BC6-21DB-4414-A6EA-3B747977006B}.Debug|Any CPU.Build.0 = Debug|Any CPU
		{E9C86BC6-21DB-4414-A6EA-3B747977006B}.Release|Any CPU.ActiveCfg = Release|Any CPU
		{E9C86BC6-21DB-4414-A6EA-3B747977006B}.Release|Any CPU.Build.0 = Release|Any CPU
		{79FFEAC2-7DE3-4FC5-92D1-60FA77735848}.Debug|Any CPU.ActiveCfg = Debug|Any CPU
		{79FFEAC2-7DE3-4FC5-92D1-60FA77735848}.Debug|Any CPU.Build.0 = Debug|Any CPU
		{79FFEAC2-7DE3-4FC5-92D1-60FA77735848}.Release|Any CPU.ActiveCfg = Release|Any CPU
		{79FFEAC2-7DE3-4FC5-92D1-60FA77735848}.Release|Any CPU.Build.0 = Release|Any CPU
		{ED984D0A-1416-4EAA-9D17-6E8649403C19}.Debug|Any CPU.ActiveCfg = Debug|Any CPU
		{ED984D0A-1416-4EAA-9D17-6E8649403C19}.Debug|Any CPU.Build.0 = Debug|Any CPU
		{ED984D0A-1416-4EAA-9D17-6E8649403C19}.Release|Any CPU.ActiveCfg = Release|Any CPU
		{ED984D0A-1416-4EAA-9D17-6E8649403C19}.Release|Any CPU.Build.0 = Release|Any CPU
		{DC2360E6-5F6D-49D4-BA35-A09A504A9E61}.Debug|Any CPU.ActiveCfg = Debug|Any CPU
		{DC2360E6-5F6D-49D4-BA35-A09A504A9E61}.Debug|Any CPU.Build.0 = Debug|Any CPU
		{DC2360E6-5F6D-49D4-BA35-A09A504A9E61}.Release|Any CPU.ActiveCfg = Release|Any CPU
		{DC2360E6-5F6D-49D4-BA35-A09A504A9E61}.Release|Any CPU.Build.0 = Release|Any CPU
		{788133EB-5C08-4125-A8AE-F5BD2B64B24B}.Debug|Any CPU.ActiveCfg = Debug|Any CPU
		{788133EB-5C08-4125-A8AE-F5BD2B64B24B}.Debug|Any CPU.Build.0 = Debug|Any CPU
		{788133EB-5C08-4125-A8AE-F5BD2B64B24B}.Release|Any CPU.ActiveCfg = Release|Any CPU
		{788133EB-5C08-4125-A8AE-F5BD2B64B24B}.Release|Any CPU.Build.0 = Release|Any CPU
		{0BB3E2E7-4E5E-4626-9EF8-EFCCC29486D5}.Debug|Any CPU.ActiveCfg = Debug|Any CPU
		{0BB3E2E7-4E5E-4626-9EF8-EFCCC29486D5}.Debug|Any CPU.Build.0 = Debug|Any CPU
		{0BB3E2E7-4E5E-4626-9EF8-EFCCC29486D5}.Release|Any CPU.ActiveCfg = Release|Any CPU
		{0BB3E2E7-4E5E-4626-9EF8-EFCCC29486D5}.Release|Any CPU.Build.0 = Release|Any CPU
		{5D350184-150B-442E-B57E-304A85C0EA45}.Debug|Any CPU.ActiveCfg = Debug|Any CPU
		{5D350184-150B-442E-B57E-304A85C0EA45}.Debug|Any CPU.Build.0 = Debug|Any CPU
		{5D350184-150B-442E-B57E-304A85C0EA45}.Release|Any CPU.ActiveCfg = Release|Any CPU
		{5D350184-150B-442E-B57E-304A85C0EA45}.Release|Any CPU.Build.0 = Release|Any CPU
		{FE8CDA33-680D-457B-81FB-8ADD84E9C89C}.Debug|Any CPU.ActiveCfg = Debug|Any CPU
		{FE8CDA33-680D-457B-81FB-8ADD84E9C89C}.Debug|Any CPU.Build.0 = Debug|Any CPU
		{FE8CDA33-680D-457B-81FB-8ADD84E9C89C}.Release|Any CPU.ActiveCfg = Release|Any CPU
		{FE8CDA33-680D-457B-81FB-8ADD84E9C89C}.Release|Any CPU.Build.0 = Release|Any CPU
		{AB39A58A-0D66-420A-BAA0-DBD105595362}.Debug|Any CPU.ActiveCfg = Debug|Any CPU
		{AB39A58A-0D66-420A-BAA0-DBD105595362}.Debug|Any CPU.Build.0 = Debug|Any CPU
		{AB39A58A-0D66-420A-BAA0-DBD105595362}.Release|Any CPU.ActiveCfg = Release|Any CPU
		{AB39A58A-0D66-420A-BAA0-DBD105595362}.Release|Any CPU.Build.0 = Release|Any CPU
		{DFDBE979-9457-4A11-BCCA-E125B77C901A}.Debug|Any CPU.ActiveCfg = Debug|Any CPU
		{DFDBE979-9457-4A11-BCCA-E125B77C901A}.Debug|Any CPU.Build.0 = Debug|Any CPU
		{DFDBE979-9457-4A11-BCCA-E125B77C901A}.Release|Any CPU.ActiveCfg = Release|Any CPU
		{DFDBE979-9457-4A11-BCCA-E125B77C901A}.Release|Any CPU.Build.0 = Release|Any CPU
	EndGlobalSection
	GlobalSection(SolutionProperties) = preSolution
		HideSolutionNode = FALSE
	EndGlobalSection
	GlobalSection(NestedProjects) = preSolution
		{E9C86BC6-21DB-4414-A6EA-3B747977006B} = {C4A48552-3EFD-4ADF-B040-44E348693B66}
		{79FFEAC2-7DE3-4FC5-92D1-60FA77735848} = {E5124C90-9E9E-4926-A13C-A8B28F56F0A8}
		{ED984D0A-1416-4EAA-9D17-6E8649403C19} = {29BDAE5E-E249-43C7-8DCB-0DA4DA8C223A}
		{DC2360E6-5F6D-49D4-BA35-A09A504A9E61} = {29BDAE5E-E249-43C7-8DCB-0DA4DA8C223A}
		{788133EB-5C08-4125-A8AE-F5BD2B64B24B} = {19996E36-2028-4B92-BA90-1903479D4F9C}
		{0BB3E2E7-4E5E-4626-9EF8-EFCCC29486D5} = {29BDAE5E-E249-43C7-8DCB-0DA4DA8C223A}
		{5D350184-150B-442E-B57E-304A85C0EA45} = {7536AE74-A2C9-47C1-9278-4C11B8E7479A}
		{FE8CDA33-680D-457B-81FB-8ADD84E9C89C} = {9CB70847-A2A4-41EA-AE5D-B65EBE05C987}
		{ABAA3058-5EB4-4152-B89E-C2F56951CD70} = {4D881985-072E-42E2-B3C1-4B7AAE408AC1}
		{AB39A58A-0D66-420A-BAA0-DBD105595362} = {ABAA3058-5EB4-4152-B89E-C2F56951CD70}
		{DFDBE979-9457-4A11-BCCA-E125B77C901A} = {ABAA3058-5EB4-4152-B89E-C2F56951CD70}
	EndGlobalSection
	GlobalSection(ExtensibilityGlobals) = postSolution
		SolutionGuid = {EBC8C117-ADF6-4023-8B41-EFC5911D39E9}
	EndGlobalSection
EndGlobal
